
Microsoft Visual Studio Solution File, Format Version 12.00
# Visual Studio Version 16
VisualStudioVersion = 16.0.29806.167
MinimumVisualStudioVersion = 10.0.40219.1
Project("{FAE04EC0-301F-11D3-BF4B-00C04F79EFBC}") = "Jawilliam.CDF.Labs", "Jawilliam.CDF.Labs\Jawilliam.CDF.Labs.csproj", "{A3D8BB28-BE2B-4E8A-B5DB-FB81529EAA49}"
EndProject
Project("{FAE04EC0-301F-11D3-BF4B-00C04F79EFBC}") = "Jawilliam.CDF", "Jawilliam.CDF\Jawilliam.CDF.csproj", "{58D5A3A8-6A46-4930-81F3-ADF81CAB411F}"
EndProject
Project("{FAE04EC0-301F-11D3-BF4B-00C04F79EFBC}") = "Jawilliam.CDF.Tests", "Jawilliam.CDF.Tests\Jawilliam.CDF.Tests.csproj", "{C986F0CC-52EE-415A-A593-CE92E58FD109}"
EndProject
Project("{FAE04EC0-301F-11D3-BF4B-00C04F79EFBC}") = "Jawilliam.CDF.CSharp", "Jawilliam.CDF.CSharp\Jawilliam.CDF.CSharp.csproj", "{A16A803D-E152-48EE-96A5-AC6085930DA2}"
EndProject
Project("{FAE04EC0-301F-11D3-BF4B-00C04F79EFBC}") = "Jawilliam.CDF.XObjects", "Jawilliam.CDF.XObjects\Jawilliam.CDF.XObjects.csproj", "{111FF008-FABE-4D66-9A27-C7EDCFDE25F4}"
EndProject
Project("{9A19103F-16F7-4668-BE54-9A1E7A4F7556}") = "Jawilliam.CDF.Labs.Resources", "Jawilliam.CDF.Labs.Resources\Jawilliam.CDF.Labs.Resources.csproj", "{1843502C-D26F-432C-AC2E-CDF45F6B8991}"
EndProject
Project("{2150E333-8FDC-42A3-9474-1A3956D46DE8}") = "Tools", "Tools", "{588C3C79-2005-4FEA-A997-C353C898B149}"
EndProject
Project("{FAE04EC0-301F-11D3-BF4B-00C04F79EFBC}") = "CDF Labs Console", "CDF Labs Console\CDF Labs Console.csproj", "{6F44C09D-51F4-4CC1-AF0B-97A428C59A32}"
EndProject
Project("{2150E333-8FDC-42A3-9474-1A3956D46DE8}") = "Solution Items", "Solution Items", "{50DED626-56C2-4230-8092-72E9C13A45FD}"
	ProjectSection(SolutionItems) = preProject
		Readme.txt = Readme.txt
	EndProjectSection
EndProject
Project("{9A19103F-16F7-4668-BE54-9A1E7A4F7556}") = "CCL", "CCL\CCL.csproj", "{4F7BFAFB-2230-41B1-83DC-A886A2CBCE86}"
EndProject
Project("{FAE04EC0-301F-11D3-BF4B-00C04F79EFBC}") = "Jawilliam.Tools.CCL", "Jawilliam.Tools.CCL\Jawilliam.Tools.CCL.csproj", "{F629592F-E372-45BB-A77E-1482D49FACDA}"
EndProject
Project("{FAE04EC0-301F-11D3-BF4B-00C04F79EFBC}") = "Jawilliam.CDF.Labs.VSIXProject", "Jawilliam.CDF.Labs.VSIXProject\Jawilliam.CDF.Labs.VSIXProject.csproj", "{FB52FE4C-E784-4CDC-B9BD-B337CF487A25}"
EndProject
Project("{9A19103F-16F7-4668-BE54-9A1E7A4F7556}") = "Jawilliam.CDF.Labs.Common", "Jawilliam.CDF.Labs.Common\Jawilliam.CDF.Labs.Common.csproj", "{D9E7ABDF-DE80-4F09-BF7F-76D2F0E371C2}"
EndProject
Project("{FAE04EC0-301F-11D3-BF4B-00C04F79EFBC}") = "Tests.Jawilliam.CDF.Labs.VSIXProject", "Tests.Jawilliam.CDF.Labs.VSIXProject\Tests.Jawilliam.CDF.Labs.VSIXProject.csproj", "{DF1A6BF6-860C-4085-8C12-5B93D0E66CF9}"
EndProject
Global
	GlobalSection(SolutionConfigurationPlatforms) = preSolution
		Debug|Any CPU = Debug|Any CPU
		Release|Any CPU = Release|Any CPU
	EndGlobalSection
	GlobalSection(ProjectConfigurationPlatforms) = postSolution
		{A3D8BB28-BE2B-4E8A-B5DB-FB81529EAA49}.Debug|Any CPU.ActiveCfg = Debug|Any CPU
		{A3D8BB28-BE2B-4E8A-B5DB-FB81529EAA49}.Debug|Any CPU.Build.0 = Debug|Any CPU
		{A3D8BB28-BE2B-4E8A-B5DB-FB81529EAA49}.Release|Any CPU.ActiveCfg = Release|Any CPU
		{A3D8BB28-BE2B-4E8A-B5DB-FB81529EAA49}.Release|Any CPU.Build.0 = Release|Any CPU
		{58D5A3A8-6A46-4930-81F3-ADF81CAB411F}.Debug|Any CPU.ActiveCfg = Debug|Any CPU
		{58D5A3A8-6A46-4930-81F3-ADF81CAB411F}.Debug|Any CPU.Build.0 = Debug|Any CPU
		{58D5A3A8-6A46-4930-81F3-ADF81CAB411F}.Release|Any CPU.ActiveCfg = Release|Any CPU
		{58D5A3A8-6A46-4930-81F3-ADF81CAB411F}.Release|Any CPU.Build.0 = Release|Any CPU
		{C986F0CC-52EE-415A-A593-CE92E58FD109}.Debug|Any CPU.ActiveCfg = Debug|Any CPU
		{C986F0CC-52EE-415A-A593-CE92E58FD109}.Debug|Any CPU.Build.0 = Debug|Any CPU
		{C986F0CC-52EE-415A-A593-CE92E58FD109}.Release|Any CPU.ActiveCfg = Release|Any CPU
		{C986F0CC-52EE-415A-A593-CE92E58FD109}.Release|Any CPU.Build.0 = Release|Any CPU
		{A16A803D-E152-48EE-96A5-AC6085930DA2}.Debug|Any CPU.ActiveCfg = Debug|Any CPU
		{A16A803D-E152-48EE-96A5-AC6085930DA2}.Debug|Any CPU.Build.0 = Debug|Any CPU
		{A16A803D-E152-48EE-96A5-AC6085930DA2}.Release|Any CPU.ActiveCfg = Release|Any CPU
		{A16A803D-E152-48EE-96A5-AC6085930DA2}.Release|Any CPU.Build.0 = Release|Any CPU
		{111FF008-FABE-4D66-9A27-C7EDCFDE25F4}.Debug|Any CPU.ActiveCfg = Debug|Any CPU
		{111FF008-FABE-4D66-9A27-C7EDCFDE25F4}.Debug|Any CPU.Build.0 = Debug|Any CPU
		{111FF008-FABE-4D66-9A27-C7EDCFDE25F4}.Release|Any CPU.ActiveCfg = Release|Any CPU
		{111FF008-FABE-4D66-9A27-C7EDCFDE25F4}.Release|Any CPU.Build.0 = Release|Any CPU
		{1843502C-D26F-432C-AC2E-CDF45F6B8991}.Debug|Any CPU.ActiveCfg = Debug|Any CPU
		{1843502C-D26F-432C-AC2E-CDF45F6B8991}.Debug|Any CPU.Build.0 = Debug|Any CPU
		{1843502C-D26F-432C-AC2E-CDF45F6B8991}.Release|Any CPU.ActiveCfg = Release|Any CPU
		{1843502C-D26F-432C-AC2E-CDF45F6B8991}.Release|Any CPU.Build.0 = Release|Any CPU
		{6F44C09D-51F4-4CC1-AF0B-97A428C59A32}.Debug|Any CPU.ActiveCfg = Debug|Any CPU
		{6F44C09D-51F4-4CC1-AF0B-97A428C59A32}.Debug|Any CPU.Build.0 = Debug|Any CPU
		{6F44C09D-51F4-4CC1-AF0B-97A428C59A32}.Release|Any CPU.ActiveCfg = Release|Any CPU
		{6F44C09D-51F4-4CC1-AF0B-97A428C59A32}.Release|Any CPU.Build.0 = Release|Any CPU
		{4F7BFAFB-2230-41B1-83DC-A886A2CBCE86}.Debug|Any CPU.ActiveCfg = Debug|Any CPU
		{4F7BFAFB-2230-41B1-83DC-A886A2CBCE86}.Debug|Any CPU.Build.0 = Debug|Any CPU
		{4F7BFAFB-2230-41B1-83DC-A886A2CBCE86}.Release|Any CPU.ActiveCfg = Release|Any CPU
		{4F7BFAFB-2230-41B1-83DC-A886A2CBCE86}.Release|Any CPU.Build.0 = Release|Any CPU
		{F629592F-E372-45BB-A77E-1482D49FACDA}.Debug|Any CPU.ActiveCfg = Debug|Any CPU
		{F629592F-E372-45BB-A77E-1482D49FACDA}.Debug|Any CPU.Build.0 = Debug|Any CPU
		{F629592F-E372-45BB-A77E-1482D49FACDA}.Release|Any CPU.ActiveCfg = Release|Any CPU
		{F629592F-E372-45BB-A77E-1482D49FACDA}.Release|Any CPU.Build.0 = Release|Any CPU
		{FB52FE4C-E784-4CDC-B9BD-B337CF487A25}.Debug|Any CPU.ActiveCfg = Debug|Any CPU
		{FB52FE4C-E784-4CDC-B9BD-B337CF487A25}.Debug|Any CPU.Build.0 = Debug|Any CPU
		{FB52FE4C-E784-4CDC-B9BD-B337CF487A25}.Release|Any CPU.ActiveCfg = Release|Any CPU
		{FB52FE4C-E784-4CDC-B9BD-B337CF487A25}.Release|Any CPU.Build.0 = Release|Any CPU
		{D9E7ABDF-DE80-4F09-BF7F-76D2F0E371C2}.Debug|Any CPU.ActiveCfg = Debug|Any CPU
		{D9E7ABDF-DE80-4F09-BF7F-76D2F0E371C2}.Debug|Any CPU.Build.0 = Debug|Any CPU
		{D9E7ABDF-DE80-4F09-BF7F-76D2F0E371C2}.Release|Any CPU.ActiveCfg = Release|Any CPU
		{D9E7ABDF-DE80-4F09-BF7F-76D2F0E371C2}.Release|Any CPU.Build.0 = Release|Any CPU
		{DF1A6BF6-860C-4085-8C12-5B93D0E66CF9}.Debug|Any CPU.ActiveCfg = Debug|Any CPU
		{DF1A6BF6-860C-4085-8C12-5B93D0E66CF9}.Debug|Any CPU.Build.0 = Debug|Any CPU
		{DF1A6BF6-860C-4085-8C12-5B93D0E66CF9}.Release|Any CPU.ActiveCfg = Release|Any CPU
		{DF1A6BF6-860C-4085-8C12-5B93D0E66CF9}.Release|Any CPU.Build.0 = Release|Any CPU
	EndGlobalSection
	GlobalSection(SolutionProperties) = preSolution
		HideSolutionNode = FALSE
	EndGlobalSection
	GlobalSection(NestedProjects) = preSolution
		{6F44C09D-51F4-4CC1-AF0B-97A428C59A32} = {588C3C79-2005-4FEA-A997-C353C898B149}
		{4F7BFAFB-2230-41B1-83DC-A886A2CBCE86} = {588C3C79-2005-4FEA-A997-C353C898B149}
		{F629592F-E372-45BB-A77E-1482D49FACDA} = {588C3C79-2005-4FEA-A997-C353C898B149}
		{FB52FE4C-E784-4CDC-B9BD-B337CF487A25} = {588C3C79-2005-4FEA-A997-C353C898B149}
		{DF1A6BF6-860C-4085-8C12-5B93D0E66CF9} = {588C3C79-2005-4FEA-A997-C353C898B149}
	EndGlobalSection
	GlobalSection(ExtensibilityGlobals) = postSolution
		SolutionGuid = {9FCAC852-AC8C-43C4-8A5F-C2AB38F30EB6}
	EndGlobalSection
EndGlobal
